{
    "_meta": {
        "hash": {
            "sha256": "f2d44d074cacfbcc5ab501e07586d6bb058190d250b8a7a6a0c30aafb8bf3428"
        },
        "pipfile-spec": 6,
        "requires": {
            "python_version": "3.10"
        },
        "sources": [
            {
                "name": "pypi",
                "url": "https://pypi.org/simple",
                "verify_ssl": true
            }
        ]
    },
    "default": {
        "docopt": {
            "hashes": [
                "sha256:49b3a825280bd66b3aa83585ef59c4a8c82f2c8a522dbe754a8bc8d08c85c491"
            ],
            "index": "pypi",
            "version": "==0.6.2"
        }
    },
    "develop": {
        "flake8": {
            "hashes": [
                "sha256:6fbe320aad8d6b95cec8b8e47bc933004678dc63095be98528b7bdd2a9f510db",
                "sha256:7a1cf6b73744f5806ab95e526f6f0d8c01c66d7bbe349562d22dfca20610b248"
            ],
            "index": "pypi",
            "version": "==5.0.4"
        },
        "mccabe": {
            "hashes": [
                "sha256:348e0240c33b60bbdf4e523192ef919f28cb2c3d7d5c7794f74009290f236325",
                "sha256:6c2d30ab6be0e4a46919781807b4f0d834ebdd6c6e3dca0bda5a15f863427b6e"
            ],
            "markers": "python_version >= '3.6'",
            "version": "==0.7.0"
        },
        "mypy": {
            "hashes": [
                "sha256:06e1eac8d99bd404ed8dd34ca29673c4346e76dd8e612ea507763dccd7e13c7a",
                "sha256:2ee3dbc53d4df7e6e3b1c68ac6a971d3a4fb2852bf10a05fda228721dd44fae1",
                "sha256:4bc460e43b7785f78862dab78674e62ec3cd523485baecfdf81a555ed29ecfa0",
                "sha256:64e1f6af81c003f85f0dfed52db632817dabb51b65c0318ffbf5ff51995bbb08",
                "sha256:6e35d764784b42c3e256848fb8ed1d4292c9fc0098413adb28d84974c095b279",
                "sha256:6ee196b1d10b8b215e835f438e06965d7a480f6fe016eddbc285f13955cca659",
                "sha256:756fad8b263b3ba39e4e204ee53042671b660c36c9017412b43af210ddee7b08",
                "sha256:77f8fcf7b4b3cc0c74fb33ae54a4cd00bb854d65645c48beccf65fa10b17882c",
                "sha256:794f385653e2b749387a42afb1e14c2135e18daeb027e0d97162e4b7031210f8",
                "sha256:8ad21d4c9d3673726cf986ea1d0c9fb66905258709550ddf7944c8f885f208be",
                "sha256:8e8e49aa9cc23aa4c926dc200ce32959d3501c4905147a66ce032f05cb5ecb92",
                "sha256:9f362470a3480165c4c6151786b5379351b790d56952005be18bdbdd4c7ce0ae",
                "sha256:a16a0145d6d7d00fbede2da3a3096dcc9ecea091adfa8da48fa6a7b75d35562d",
                "sha256:ad77c13037d3402fbeffda07d51e3f228ba078d1c7096a73759c9419ea031bf4",
                "sha256:b6ede64e52257931315826fdbfc6ea878d89a965580d1a65638ef77cb551f56d",
                "sha256:c9e0efb95ed6ca1654951bd5ec2f3fa91b295d78bf6527e026529d4aaa1e0c30",
                "sha256:ce65f70b14a21fdac84c294cde75e6dbdabbcff22975335e20827b3b94bdbf49",
                "sha256:d1debb09043e1f5ee845fa1e96d180e89115b30e47c5d3ce53bc967bab53f62d",
                "sha256:e178eaffc3c5cd211a87965c8c0df6da91ed7d258b5fc72b8e047c3771317ddb",
                "sha256:e1acf62a8c4f7c092462c738aa2c2489e275ed386320c10b2e9bff31f6f7e8d6",
                "sha256:e53773073c864d5f5cec7f3fc72fbbcef65410cde8cc18d4f7242dea60dac52e",
                "sha256:eb3978b191b9fa0488524bb4ffedf2c573340e8c2b4206fc191d44c7093abfb7",
                "sha256:f64d2ce043a209a297df322eb4054dfbaa9de9e8738291706eaafda81ab2b362",
                "sha256:fa38f82f53e1e7beb45557ff167c177802ba7b387ad017eab1663d567017c8ee"
            ],
            "index": "pypi",
            "version": "==0.981"
        },
        "mypy-extensions": {
            "hashes": [
                "sha256:090fedd75945a69ae91ce1303b5824f428daf5a028d2f6ab8a299250a846f15d",
                "sha256:2d82818f5bb3e369420cb3c4060a7970edba416647068eb4c5343488a6c604a8"
            ],
            "version": "==0.4.3"
        },
        "pycodestyle": {
            "hashes": [
                "sha256:2c9607871d58c76354b697b42f5d57e1ada7d261c261efac224b664affdc5785",
                "sha256:d1735fc58b418fd7c5f658d28d943854f8a849b01a5d0a1e6f3f3fdd0166804b"
            ],
            "markers": "python_version >= '3.6'",
            "version": "==2.9.1"
        },
        "pyflakes": {
            "hashes": [
                "sha256:4579f67d887f804e67edb544428f264b7b24f435b263c4614f384135cea553d2",
                "sha256:491feb020dca48ccc562a8c0cbe8df07ee13078df59813b83959cbdada312ea3"
            ],
            "markers": "python_version >= '3.6'",
            "version": "==2.5.0"
        },
        "tomli": {
            "hashes": [
                "sha256:939de3e7a6161af0c887ef91b7d41a53e7c5a1ca976325f429cb46ea9bc30ecc",
                "sha256:de526c12914f0c550d15924c62d72abc48d6fe7364aa87328337a31007fe8a4f"
            ],
            "markers": "python_version < '3.11'",
            "version": "==2.0.1"
        },
        "typing-extensions": {
            "hashes": [
                "sha256:25642c956049920a5aa49edcdd6ab1e06d7e5d467fc00e0506c44ac86fbfca02",
                "sha256:e6d2677a32f47fc7eb2795db1dd15c1f34eff616bcaf2cfb5e997f854fa1c4a6"
            ],
            "markers": "python_version >= '3.7'",
            "version": "==4.3.0"
        }
    }
}
